{
  "requires": true,
  "lockfileVersion": 1,
  "dependencies": {
    "@types/node": {
      "version": "12.7.7",
      "resolved": "https://registry.npmjs.org/@types/node/-/node-12.7.7.tgz",
      "integrity": "sha512-4jUncNe2tj1nmrO/34PsRpZqYVnRV1svbU78cKhuQKkMntKB/AmdLyGgswcZKjFHEHGpiY8pVD8CuVI55nP54w=="
    }
  }
}
